
Microsoft Visual Studio Solution File, Format Version 12.00
Project("{FAE04EC0-301F-11D3-BF4B-00C04F79EFBC}") = "WebApp", "WebApp\WebApp.csproj", "{33BCA473-08BD-49C4-A0B8-6924A4AA84DF}"
EndProject
Project("{FAE04EC0-301F-11D3-BF4B-00C04F79EFBC}") = "Containership", "Containership\Containership.csproj", "{FACAF1EE-E6E4-4DB2-A094-8E3D9F56FEE6}"
EndProject
Project("{FAE04EC0-301F-11D3-BF4B-00C04F79EFBC}") = "WebAppTests", "WebAppTests\WebAppTests.csproj", "{C654A1E1-1636-429C-B5F0-981E7C7652E0}"
EndProject
Project("{FAE04EC0-301F-11D3-BF4B-00C04F79EFBC}") = "TestContainership", "TestContainership\TestContainership.csproj", "{E0DB1B56-7192-46C0-B602-7CDF42FFD7B5}"
EndProject
Project("{FAE04EC0-301F-11D3-BF4B-00C04F79EFBC}") = "WebAppLogic", "WebAppLogic\WebAppLogic.csproj", "{3A800367-1DFB-4363-B048-57298A617991}"
EndProject
Project("{FAE04EC0-301F-11D3-BF4B-00C04F79EFBC}") = "WebAppInterface", "WebAppInterface\WebAppInterface.csproj", "{D447927E-2951-4A8D-924E-344D0CD1265C}"
EndProject
Project("{FAE04EC0-301F-11D3-BF4B-00C04F79EFBC}") = "Fiddles", "Fiddles\Fiddles.csproj", "{81AA1EB4-08B4-4931-8EA5-7F436B92BD98}"
EndProject
Project("{FAE04EC0-301F-11D3-BF4B-00C04F79EFBC}") = "WebAppDAL", "WebAppDAL\WebAppDAL.csproj", "{CEE1B2FC-3AD9-4F2C-A1B3-64ED4C06E4D2}"
EndProject
Global
	GlobalSection(SolutionConfigurationPlatforms) = preSolution
		Debug|Any CPU = Debug|Any CPU
		Release|Any CPU = Release|Any CPU
	EndGlobalSection
	GlobalSection(ProjectConfigurationPlatforms) = postSolution
		{33BCA473-08BD-49C4-A0B8-6924A4AA84DF}.Debug|Any CPU.ActiveCfg = Debug|Any CPU
		{33BCA473-08BD-49C4-A0B8-6924A4AA84DF}.Debug|Any CPU.Build.0 = Debug|Any CPU
		{33BCA473-08BD-49C4-A0B8-6924A4AA84DF}.Release|Any CPU.ActiveCfg = Release|Any CPU
		{33BCA473-08BD-49C4-A0B8-6924A4AA84DF}.Release|Any CPU.Build.0 = Release|Any CPU
		{FACAF1EE-E6E4-4DB2-A094-8E3D9F56FEE6}.Debug|Any CPU.ActiveCfg = Debug|Any CPU
		{FACAF1EE-E6E4-4DB2-A094-8E3D9F56FEE6}.Debug|Any CPU.Build.0 = Debug|Any CPU
		{FACAF1EE-E6E4-4DB2-A094-8E3D9F56FEE6}.Release|Any CPU.ActiveCfg = Release|Any CPU
		{FACAF1EE-E6E4-4DB2-A094-8E3D9F56FEE6}.Release|Any CPU.Build.0 = Release|Any CPU
		{C654A1E1-1636-429C-B5F0-981E7C7652E0}.Debug|Any CPU.ActiveCfg = Debug|Any CPU
		{C654A1E1-1636-429C-B5F0-981E7C7652E0}.Debug|Any CPU.Build.0 = Debug|Any CPU
		{C654A1E1-1636-429C-B5F0-981E7C7652E0}.Release|Any CPU.ActiveCfg = Release|Any CPU
		{C654A1E1-1636-429C-B5F0-981E7C7652E0}.Release|Any CPU.Build.0 = Release|Any CPU
		{E0DB1B56-7192-46C0-B602-7CDF42FFD7B5}.Debug|Any CPU.ActiveCfg = Debug|Any CPU
		{E0DB1B56-7192-46C0-B602-7CDF42FFD7B5}.Debug|Any CPU.Build.0 = Debug|Any CPU
		{E0DB1B56-7192-46C0-B602-7CDF42FFD7B5}.Release|Any CPU.ActiveCfg = Release|Any CPU
		{E0DB1B56-7192-46C0-B602-7CDF42FFD7B5}.Release|Any CPU.Build.0 = Release|Any CPU
		{3A800367-1DFB-4363-B048-57298A617991}.Debug|Any CPU.ActiveCfg = Debug|Any CPU
		{3A800367-1DFB-4363-B048-57298A617991}.Debug|Any CPU.Build.0 = Debug|Any CPU
		{3A800367-1DFB-4363-B048-57298A617991}.Release|Any CPU.ActiveCfg = Release|Any CPU
		{3A800367-1DFB-4363-B048-57298A617991}.Release|Any CPU.Build.0 = Release|Any CPU
		{D447927E-2951-4A8D-924E-344D0CD1265C}.Debug|Any CPU.ActiveCfg = Debug|Any CPU
		{D447927E-2951-4A8D-924E-344D0CD1265C}.Debug|Any CPU.Build.0 = Debug|Any CPU
		{D447927E-2951-4A8D-924E-344D0CD1265C}.Release|Any CPU.ActiveCfg = Release|Any CPU
		{D447927E-2951-4A8D-924E-344D0CD1265C}.Release|Any CPU.Build.0 = Release|Any CPU
		{81AA1EB4-08B4-4931-8EA5-7F436B92BD98}.Debug|Any CPU.ActiveCfg = Debug|Any CPU
		{81AA1EB4-08B4-4931-8EA5-7F436B92BD98}.Debug|Any CPU.Build.0 = Debug|Any CPU
		{81AA1EB4-08B4-4931-8EA5-7F436B92BD98}.Release|Any CPU.ActiveCfg = Release|Any CPU
		{81AA1EB4-08B4-4931-8EA5-7F436B92BD98}.Release|Any CPU.Build.0 = Release|Any CPU
		{CEE1B2FC-3AD9-4F2C-A1B3-64ED4C06E4D2}.Debug|Any CPU.ActiveCfg = Debug|Any CPU
		{CEE1B2FC-3AD9-4F2C-A1B3-64ED4C06E4D2}.Debug|Any CPU.Build.0 = Debug|Any CPU
		{CEE1B2FC-3AD9-4F2C-A1B3-64ED4C06E4D2}.Release|Any CPU.ActiveCfg = Release|Any CPU
		{CEE1B2FC-3AD9-4F2C-A1B3-64ED4C06E4D2}.Release|Any CPU.Build.0 = Release|Any CPU
	EndGlobalSection
EndGlobal
